// !$*UTF8*$!
{
	archiveVersion = 1;
	classes = {
	};
	objectVersion = 46;
	objects = {

/* Begin PBXBuildFile section */
		5F6E37F01DB59875003DDA90 /* MapsViewController.swift in Sources */ = {isa = PBXBuildFile; fileRef = 5F6E37EF1DB59875003DDA90 /* MapsViewController.swift */; };
		5FA08CB11DDFADA2000965BD /* MapKit.framework in Frameworks */ = {isa = PBXBuildFile; fileRef = 5FA08CB01DDFADA2000965BD /* MapKit.framework */; };
		5FD1D7911DDBB70700ADF98A /* NutritionEntity.swift in Sources */ = {isa = PBXBuildFile; fileRef = 5FD1D7901DDBB70700ADF98A /* NutritionEntity.swift */; };
		5FD1D7931DDBB73200ADF98A /* CoreData.framework in Frameworks */ = {isa = PBXBuildFile; fileRef = 5FD1D7921DDBB73200ADF98A /* CoreData.framework */; };
		5FD1D7951DDBE6E600ADF98A /* WebViewController.swift in Sources */ = {isa = PBXBuildFile; fileRef = 5FD1D7941DDBE6E600ADF98A /* WebViewController.swift */; };
		5FF636061DB58DE70026D8DE /* AppDelegate.swift in Sources */ = {isa = PBXBuildFile; fileRef = 5FF636051DB58DE70026D8DE /* AppDelegate.swift */; };
		5FF636081DB58DE70026D8DE /* ViewController.swift in Sources */ = {isa = PBXBuildFile; fileRef = 5FF636071DB58DE70026D8DE /* ViewController.swift */; };
		5FF6360B1DB58DE70026D8DE /* Main.storyboard in Resources */ = {isa = PBXBuildFile; fileRef = 5FF636091DB58DE70026D8DE /* Main.storyboard */; };
		5FF6360E1DB58DE70026D8DE /* CSE335_Project.xcdatamodeld in Sources */ = {isa = PBXBuildFile; fileRef = 5FF6360C1DB58DE70026D8DE /* CSE335_Project.xcdatamodeld */; };
		5FF636101DB58DE70026D8DE /* Assets.xcassets in Resources */ = {isa = PBXBuildFile; fileRef = 5FF6360F1DB58DE70026D8DE /* Assets.xcassets */; };
		5FF636131DB58DE70026D8DE /* LaunchScreen.storyboard in Resources */ = {isa = PBXBuildFile; fileRef = 5FF636111DB58DE70026D8DE /* LaunchScreen.storyboard */; };
		5FF6361B1DB5909F0026D8DE /* VCModel.swift in Sources */ = {isa = PBXBuildFile; fileRef = 5FF6361A1DB5909F0026D8DE /* VCModel.swift */; };
		5FF6361D1DB590B00026D8DE /* ResultsViewController.swift in Sources */ = {isa = PBXBuildFile; fileRef = 5FF6361C1DB590B00026D8DE /* ResultsViewController.swift */; };
		5FF636211DB590C50026D8DE /* HistoryViewController.swift in Sources */ = {isa = PBXBuildFile; fileRef = 5FF636201DB590C50026D8DE /* HistoryViewController.swift */; };
/* End PBXBuildFile section */

/* Begin PBXFileReference section */
		5F6E37EF1DB59875003DDA90 /* MapsViewController.swift */ = {isa = PBXFileReference; fileEncoding = 4; lastKnownFileType = sourcecode.swift; path = MapsViewController.swift; sourceTree = "<group>"; };
		5FA08CB01DDFADA2000965BD /* MapKit.framework */ = {isa = PBXFileReference; lastKnownFileType = wrapper.framework; name = MapKit.framework; path = System/Library/Frameworks/MapKit.framework; sourceTree = SDKROOT; };
		5FD1D7901DDBB70700ADF98A /* NutritionEntity.swift */ = {isa = PBXFileReference; fileEncoding = 4; lastKnownFileType = sourcecode.swift; path = NutritionEntity.swift; sourceTree = "<group>"; };
		5FD1D7921DDBB73200ADF98A /* CoreData.framework */ = {isa = PBXFileReference; lastKnownFileType = wrapper.framework; name = CoreData.framework; path = System/Library/Frameworks/CoreData.framework; sourceTree = SDKROOT; };
		5FD1D7941DDBE6E600ADF98A /* WebViewController.swift */ = {isa = PBXFileReference; fileEncoding = 4; lastKnownFileType = sourcecode.swift; path = WebViewController.swift; sourceTree = "<group>"; };
		5FF636021DB58DE70026D8DE /* CSE335_Project.app */ = {isa = PBXFileReference; explicitFileType = wrapper.application; includeInIndex = 0; path = CSE335_Project.app; sourceTree = BUILT_PRODUCTS_DIR; };
		5FF636051DB58DE70026D8DE /* AppDelegate.swift */ = {isa = PBXFileReference; lastKnownFileType = sourcecode.swift; path = AppDelegate.swift; sourceTree = "<group>"; };
		5FF636071DB58DE70026D8DE /* ViewController.swift */ = {isa = PBXFileReference; lastKnownFileType = sourcecode.swift; path = ViewController.swift; sourceTree = "<group>"; };
		5FF6360A1DB58DE70026D8DE /* Base */ = {isa = PBXFileReference; lastKnownFileType = file.storyboard; name = Base; path = Base.lproj/Main.storyboard; sourceTree = "<group>"; };
		5FF6360D1DB58DE70026D8DE /* CSE335_Project.xcdatamodel */ = {isa = PBXFileReference; lastKnownFileType = wrapper.xcdatamodel; path = CSE335_Project.xcdatamodel; sourceTree = "<group>"; };
		5FF6360F1DB58DE70026D8DE /* Assets.xcassets */ = {isa = PBXFileReference; lastKnownFileType = folder.assetcatalog; path = Assets.xcassets; sourceTree = "<group>"; };
		5FF636121DB58DE70026D8DE /* Base */ = {isa = PBXFileReference; lastKnownFileType = file.storyboard; name = Base; path = Base.lproj/LaunchScreen.storyboard; sourceTree = "<group>"; };
		5FF636141DB58DE70026D8DE /* Info.plist */ = {isa = PBXFileReference; lastKnownFileType = text.plist.xml; path = Info.plist; sourceTree = "<group>"; };
		5FF6361A1DB5909F0026D8DE /* VCModel.swift */ = {isa = PBXFileReference; fileEncoding = 4; lastKnownFileType = sourcecode.swift; path = VCModel.swift; sourceTree = "<group>"; };
		5FF6361C1DB590B00026D8DE /* ResultsViewController.swift */ = {isa = PBXFileReference; fileEncoding = 4; lastKnownFileType = sourcecode.swift; path = ResultsViewController.swift; sourceTree = "<group>"; };
		5FF636201DB590C50026D8DE /* HistoryViewController.swift */ = {isa = PBXFileReference; fileEncoding = 4; lastKnownFileType = sourcecode.swift; path = HistoryViewController.swift; sourceTree = "<group>"; };
/* End PBXFileReference section */

/* Begin PBXFrameworksBuildPhase section */
		5FF635FF1DB58DE70026D8DE /* Frameworks */ = {
			isa = PBXFrameworksBuildPhase;
			buildActionMask = 2147483647;
			files = (
				5FA08CB11DDFADA2000965BD /* MapKit.framework in Frameworks */,
				5FD1D7931DDBB73200ADF98A /* CoreData.framework in Frameworks */,
			);
			runOnlyForDeploymentPostprocessing = 0;
		};
/* End PBXFrameworksBuildPhase section */

/* Begin PBXGroup section */
		5FF635F91DB58DE70026D8DE = {
			isa = PBXGroup;
			children = (
				5FA08CB01DDFADA2000965BD /* MapKit.framework */,
				5FD1D7921DDBB73200ADF98A /* CoreData.framework */,
				5FF636041DB58DE70026D8DE /* CSE335_Project */,
				5FF636031DB58DE70026D8DE /* Products */,
			);
			sourceTree = "<group>";
		};
		5FF636031DB58DE70026D8DE /* Products */ = {
			isa = PBXGroup;
			children = (
				5FF636021DB58DE70026D8DE /* CSE335_Project.app */,
			);
			name = Products;
			sourceTree = "<group>";
		};
		5FF636041DB58DE70026D8DE /* CSE335_Project */ = {
			isa = PBXGroup;
			children = (
				5FF636051DB58DE70026D8DE /* AppDelegate.swift */,
				5FF636071DB58DE70026D8DE /* ViewController.swift */,
				5FF636091DB58DE70026D8DE /* Main.storyboard */,
				5F6E37EF1DB59875003DDA90 /* MapsViewController.swift */,
				5FF6361A1DB5909F0026D8DE /* VCModel.swift */,
				5FF6361C1DB590B00026D8DE /* ResultsViewController.swift */,
				5FF636201DB590C50026D8DE /* HistoryViewController.swift */,
				5FF6360F1DB58DE70026D8DE /* Assets.xcassets */,
				5FF636111DB58DE70026D8DE /* LaunchScreen.storyboard */,
				5FF636141DB58DE70026D8DE /* Info.plist */,
				5FF6360C1DB58DE70026D8DE /* CSE335_Project.xcdatamodeld */,
				5FD1D7901DDBB70700ADF98A /* NutritionEntity.swift */,
				5FD1D7941DDBE6E600ADF98A /* WebViewController.swift */,
			);
			path = CSE335_Project;
			sourceTree = "<group>";
		};
/* End PBXGroup section */

/* Begin PBXNativeTarget section */
		5FF636011DB58DE70026D8DE /* CSE335_Project */ = {
			isa = PBXNativeTarget;
			buildConfigurationList = 5FF636171DB58DE70026D8DE /* Build configuration list for PBXNativeTarget "CSE335_Project" */;
			buildPhases = (
				5FF635FE1DB58DE70026D8DE /* Sources */,
				5FF635FF1DB58DE70026D8DE /* Frameworks */,
				5FF636001DB58DE70026D8DE /* Resources */,
			);
			buildRules = (
			);
			dependencies = (
			);
			name = CSE335_Project;
			productName = CSE335_Project;
			productReference = 5FF636021DB58DE70026D8DE /* CSE335_Project.app */;
			productType = "com.apple.product-type.application";
		};
/* End PBXNativeTarget section */

/* Begin PBXProject section */
		5FF635FA1DB58DE70026D8DE /* Project object */ = {
			isa = PBXProject;
			attributes = {
				LastSwiftUpdateCheck = 0730;
				LastUpgradeCheck = 0730;
				ORGANIZATIONNAME = TruongVu;
				TargetAttributes = {
					5FF636011DB58DE70026D8DE = {
						CreatedOnToolsVersion = 7.3.1;
					};
				};
			};
			buildConfigurationList = 5FF635FD1DB58DE70026D8DE /* Build configuration list for PBXProject "CSE335_Project" */;
			compatibilityVersion = "Xcode 3.2";
			developmentRegion = English;
			hasScannedForEncodings = 0;
			knownRegions = (
				en,
				Base,
			);
			mainGroup = 5FF635F91DB58DE70026D8DE;
			productRefGroup = 5FF636031DB58DE70026D8DE /* Products */;
			projectDirPath = "";
			projectRoot = "";
			targets = (
				5FF636011DB58DE70026D8DE /* CSE335_Project */,
			);
		};
/* End PBXProject section */

/* Begin PBXResourcesBuildPhase section */
		5FF636001DB58DE70026D8DE /* Resources */ = {
			isa = PBXResourcesBuildPhase;
			buildActionMask = 2147483647;
			files = (
				5FF636131DB58DE70026D8DE /* LaunchScreen.storyboard in Resources */,
				5FF636101DB58DE70026D8DE /* Assets.xcassets in Resources */,
				5FF6360B1DB58DE70026D8DE /* Main.storyboard in Resources */,
			);
			runOnlyForDeploymentPostprocessing = 0;
		};
/* End PBXResourcesBuildPhase section */

/* Begin PBXSourcesBuildPhase section */
		5FF635FE1DB58DE70026D8DE /* Sources */ = {
			isa = PBXSourcesBuildPhase;
			buildActionMask = 2147483647;
			files = (
				5F6E37F01DB59875003DDA90 /* MapsViewController.swift in Sources */,
				5FF6360E1DB58DE70026D8DE /* CSE335_Project.xcdatamodeld in Sources */,
				5FD1D7911DDBB70700ADF98A /* NutritionEntity.swift in Sources */,
				5FF636081DB58DE70026D8DE /* ViewController.swift in Sources */,
				5FD1D7951DDBE6E600ADF98A /* WebViewController.swift in Sources */,
				5FF6361B1DB5909F0026D8DE /* VCModel.swift in Sources */,
				5FF6361D1DB590B00026D8DE /* ResultsViewController.swift in Sources */,
				5FF636211DB590C50026D8DE /* HistoryViewController.swift in Sources */,
				5FF636061DB58DE70026D8DE /* AppDelegate.swift in Sources */,
			);
			runOnlyForDeploymentPostprocessing = 0;
		};
/* End PBXSourcesBuildPhase section */

/* Begin PBXVariantGroup section */
		5FF636091DB58DE70026D8DE /* Main.storyboard */ = {
			isa = PBXVariantGroup;
			children = (
				5FF6360A1DB58DE70026D8DE /* Base */,
			);
			name = Main.storyboard;
			sourceTree = "<group>";
		};
		5FF636111DB58DE70026D8DE /* LaunchScreen.storyboard */ = {
			isa = PBXVariantGroup;
			children = (
				5FF636121DB58DE70026D8DE /* Base */,
			);
			name = LaunchScreen.storyboard;
			sourceTree = "<group>";
		};
/* End PBXVariantGroup section */

/* Begin XCBuildConfiguration section */
		5FF636151DB58DE70026D8DE /* Debug */ = {
			isa = XCBuildConfiguration;
			buildSettings = {
				ALWAYS_SEARCH_USER_PATHS = NO;
				CLANG_ANALYZER_NONNULL = YES;
				CLANG_CXX_LANGUAGE_STANDARD = "gnu++0x";
				CLANG_CXX_LIBRARY = "libc++";
				CLANG_ENABLE_MODULES = YES;
				CLANG_ENABLE_OBJC_ARC = YES;
				CLANG_WARN_BOOL_CONVERSION = YES;
				CLANG_WARN_CONSTANT_CONVERSION = YES;
				CLANG_WARN_DIRECT_OBJC_ISA_USAGE = YES_ERROR;
				CLANG_WARN_EMPTY_BODY = YES;
				CLANG_WARN_ENUM_CONVERSION = YES;
				CLANG_WARN_INT_CONVERSION = YES;
				CLANG_WARN_OBJC_ROOT_CLASS = YES_ERROR;
				CLANG_WARN_UNREACHABLE_CODE = YES;
				CLANG_WARN__DUPLICATE_METHOD_MATCH = YES;
				"CODE_SIGN_IDENTITY[sdk=iphoneos*]" = "iPhone Developer";
				COPY_PHASE_STRIP = NO;
				DEBUG_INFORMATION_FORMAT = dwarf;
				ENABLE_STRICT_OBJC_MSGSEND = YES;
				ENABLE_TESTABILITY = YES;
				GCC_C_LANGUAGE_STANDARD = gnu99;
				GCC_DYNAMIC_NO_PIC = NO;
				GCC_NO_COMMON_BLOCKS = YES;
				GCC_OPTIMIZATION_LEVEL = 0;
				GCC_PREPROCESSOR_DEFINITIONS = (
					"DEBUG=1",
					"$(inherited)",
				);
				GCC_WARN_64_TO_32_BIT_CONVERSION = YES;
				GCC_WARN_ABOUT_RETURN_TYPE = YES_ERROR;
				GCC_WARN_UNDECLARED_SELECTOR = YES;
				GCC_WARN_UNINITIALIZED_AUTOS = YES_AGGRESSIVE;
				GCC_WARN_UNUSED_FUNCTION = YES;
				GCC_WARN_UNUSED_VARIABLE = YES;
				IPHONEOS_DEPLOYMENT_TARGET = 9.3;
				MTL_ENABLE_DEBUG_INFO = YES;
				ONLY_ACTIVE_ARCH = YES;
				SDKROOT = iphoneos;
				SWIFT_OPTIMIZATION_LEVEL = "-Onone";
				TARGETED_DEVICE_FAMILY = "1,2";
			};
			name = Debug;
		};
		5FF636161DB58DE70026D8DE /* Release */ = {
			isa = XCBuildConfiguration;
			buildSettings = {
				ALWAYS_SEARCH_USER_PATHS = NO;
				CLANG_ANALYZER_NONNULL = YES;
				CLANG_CXX_LANGUAGE_STANDARD = "gnu++0x";
				CLANG_CXX_LIBRARY = "libc++";
				CLANG_ENABLE_MODULES = YES;
				CLANG_ENABLE_OBJC_ARC = YES;
				CLANG_WARN_BOOL_CONVERSION = YES;
				CLANG_WARN_CONSTANT_CONVERSION = YES;
				CLANG_WARN_DIRECT_OBJC_ISA_USAGE = YES_ERROR;
				CLANG_WARN_EMPTY_BODY = YES;
				CLANG_WARN_ENUM_CONVERSION = YES;
				CLANG_WARN_INT_CONVERSION = YES;
				CLANG_WARN_OBJC_ROOT_CLASS = YES_ERROR;
				CLANG_WARN_UNREACHABLE_CODE = YES;
				CLANG_WARN__DUPLICATE_METHOD_MATCH = YES;
				"CODE_SIGN_IDENTITY[sdk=iphoneos*]" = "iPhone Developer";
				COPY_PHASE_STRIP = NO;
				DEBUG_INFORMATION_FORMAT = "dwarf-with-dsym";
				ENABLE_NS_ASSERTIONS = NO;
				ENABLE_STRICT_OBJC_MSGSEND = YES;
				GCC_C_LANGUAGE_STANDARD = gnu99;
				GCC_NO_COMMON_BLOCKS = YES;
				GCC_WARN_64_TO_32_BIT_CONVERSION = YES;
				GCC_WARN_ABOUT_RETURN_TYPE = YES_ERROR;
				GCC_WARN_UNDECLARED_SELECTOR = YES;
				GCC_WARN_UNINITIALIZED_AUTOS = YES_AGGRESSIVE;
				GCC_WARN_UNUSED_FUNCTION = YES;
				GCC_WARN_UNUSED_VARIABLE = YES;
				IPHONEOS_DEPLOYMENT_TARGET = 9.3;
				MTL_ENABLE_DEBUG_INFO = NO;
				SDKROOT = iphoneos;
				TARGETED_DEVICE_FAMILY = "1,2";
				VALIDATE_PRODUCT = YES;
			};
			name = Release;
		};
		5FF636181DB58DE70026D8DE /* Debug */ = {
			isa = XCBuildConfiguration;
			buildSettings = {
				ASSETCATALOG_COMPILER_APPICON_NAME = AppIcon;
				INFOPLIST_FILE = CSE335_Project/Info.plist;
				LD_RUNPATH_SEARCH_PATHS = "$(inherited) @executable_path/Frameworks";
				PRODUCT_BUNDLE_IDENTIFIER = "TruongVu.CSE335-Project";
				PRODUCT_NAME = "$(TARGET_NAME)";
			};
			name = Debug;
		};
		5FF636191DB58DE70026D8DE /* Release */ = {
			isa = XCBuildConfiguration;
			buildSettings = {
				ASSETCATALOG_COMPILER_APPICON_NAME = AppIcon;
				INFOPLIST_FILE = CSE335_Project/Info.plist;
				LD_RUNPATH_SEARCH_PATHS = "$(inherited) @executable_path/Frameworks";
				PRODUCT_BUNDLE_IDENTIFIER = "TruongVu.CSE335-Project";
				PRODUCT_NAME = "$(TARGET_NAME)";
			};
			name = Release;
		};
/* End XCBuildConfiguration section */

/* Begin XCConfigurationList section */
		5FF635FD1DB58DE70026D8DE /* Build configuration list for PBXProject "CSE335_Project" */ = {
			isa = XCConfigurationList;
			buildConfigurations = (
				5FF636151DB58DE70026D8DE /* Debug */,
				5FF636161DB58DE70026D8DE /* Release */,
			);
			defaultConfigurationIsVisible = 0;
			defaultConfigurationName = Release;
		};
		5FF636171DB58DE70026D8DE /* Build configuration list for PBXNativeTarget "CSE335_Project" */ = {
			isa = XCConfigurationList;
			buildConfigurations = (
				5FF636181DB58DE70026D8DE /* Debug */,
				5FF636191DB58DE70026D8DE /* Release */,
			);
			defaultConfigurationIsVisible = 0;
			defaultConfigurationName = Release;
		};
/* End XCConfigurationList section */

/* Begin XCVersionGroup section */
		5FF6360C1DB58DE70026D8DE /* CSE335_Project.xcdatamodeld */ = {
			isa = XCVersionGroup;
			children = (
				5FF6360D1DB58DE70026D8DE /* CSE335_Project.xcdatamodel */,
			);
			currentVersion = 5FF6360D1DB58DE70026D8DE /* CSE335_Project.xcdatamodel */;
			path = CSE335_Project.xcdatamodeld;
			sourceTree = "<group>";
			versionGroupType = wrapper.xcdatamodel;
		};
/* End XCVersionGroup section */
	};
	rootObject = 5FF635FA1DB58DE70026D8DE /* Project object */;
}
